
Microsoft Visual Studio Solution File, Format Version 12.00
# Visual Studio 15
VisualStudioVersion = 15.0.28307.271
MinimumVisualStudioVersion = 10.0.40219.1
Project("{FAE04EC0-301F-11D3-BF4B-00C04F79EFBC}") = "DesignPatterns", "DesignPatterns\DesignPatterns.csproj", "{EAF53405-A08A-4FAF-BF62-2D9AA4B7702A}"
EndProject
Global
	GlobalSection(SolutionConfigurationPlatforms) = preSolution
		Debug|Any CPU = Debug|Any CPU
		Release|Any CPU = Release|Any CPU
	EndGlobalSection
	GlobalSection(ProjectConfigurationPlatforms) = postSolution
		{EAF53405-A08A-4FAF-BF62-2D9AA4B7702A}.Debug|Any CPU.ActiveCfg = Debug|Any CPU
		{EAF53405-A08A-4FAF-BF62-2D9AA4B7702A}.Debug|Any CPU.Build.0 = Debug|Any CPU
		{EAF53405-A08A-4FAF-BF62-2D9AA4B7702A}.Release|Any CPU.ActiveCfg = Release|Any CPU
		{EAF53405-A08A-4FAF-BF62-2D9AA4B7702A}.Release|Any CPU.Build.0 = Release|Any CPU
	EndGlobalSection
	GlobalSection(SolutionProperties) = preSolution
		HideSolutionNode = FALSE
	EndGlobalSection
	GlobalSection(ExtensibilityGlobals) = postSolution
		SolutionGuid = {B8E627F2-AE0A-4B70-9CCC-5F0D08A96CA2}
	EndGlobalSection
EndGlobal
